
Microsoft Visual Studio Solution File, Format Version 12.00
# Visual Studio 15
VisualStudioVersion = 15.0.27428.2011
MinimumVisualStudioVersion = 10.0.40219.1
Project("{FAE04EC0-301F-11D3-BF4B-00C04F79EFBC}") = "IPDTracker.Android", "IPDTracker\IPDTracker.Android\IPDTracker.Android.csproj", "{C4E8416D-374D-46FA-888F-C0A8E3BCB647}"
EndProject
Project("{FAE04EC0-301F-11D3-BF4B-00C04F79EFBC}") = "IPDTracker.iOS", "IPDTracker\IPDTracker.iOS\IPDTracker.iOS.csproj", "{964B3FDA-3FD2-432D-91D9-42908A14F1BD}"
EndProject
Project("{FAE04EC0-301F-11D3-BF4B-00C04F79EFBC}") = "IPDTracker.UWP", "IPDTracker\IPDTracker.UWP\IPDTracker.UWP.csproj", "{A54C0173-4767-46DD-BDD1-6FC72A0AD5EC}"
EndProject
Project("{D954291E-2A0B-460D-934E-DC6B0785DB48}") = "IPDTracker", "IPDTracker\IPDTracker\IPDTracker.shproj", "{353835CD-C12D-4651-B148-E5D5ED234DBB}"
EndProject
Project("{9A19103F-16F7-4668-BE54-9A1E7A4F7556}") = "IPDTrackerWebApp", "IPDTracker\IPDTrackerWebApp\IPDTrackerWebApp.csproj", "{C8254216-400A-40EB-B8D7-22611C0ADD4B}"
EndProject
Global
	GlobalSection(SharedMSBuildProjectFiles) = preSolution
		IPDTracker\IPDTracker\IPDTracker.projitems*{353835cd-c12d-4651-b148-e5d5ed234dbb}*SharedItemsImports = 13
		IPDTracker\IPDTracker\IPDTracker.projitems*{964b3fda-3fd2-432d-91d9-42908a14f1bd}*SharedItemsImports = 4
		IPDTracker\IPDTracker\IPDTracker.projitems*{a54c0173-4767-46dd-bdd1-6fc72a0ad5ec}*SharedItemsImports = 4
		IPDTracker\IPDTracker\IPDTracker.projitems*{c4e8416d-374d-46fa-888f-c0a8e3bcb647}*SharedItemsImports = 4
	EndGlobalSection
	GlobalSection(SolutionConfigurationPlatforms) = preSolution
		Ad-Hoc|Any CPU = Ad-Hoc|Any CPU
		Ad-Hoc|ARM = Ad-Hoc|ARM
		Ad-Hoc|iPhone = Ad-Hoc|iPhone
		Ad-Hoc|iPhoneSimulator = Ad-Hoc|iPhoneSimulator
		Ad-Hoc|x64 = Ad-Hoc|x64
		Ad-Hoc|x86 = Ad-Hoc|x86
		AppStore|Any CPU = AppStore|Any CPU
		AppStore|ARM = AppStore|ARM
		AppStore|iPhone = AppStore|iPhone
		AppStore|iPhoneSimulator = AppStore|iPhoneSimulator
		AppStore|x64 = AppStore|x64
		AppStore|x86 = AppStore|x86
		Debug|Any CPU = Debug|Any CPU
		Debug|ARM = Debug|ARM
		Debug|iPhone = Debug|iPhone
		Debug|iPhoneSimulator = Debug|iPhoneSimulator
		Debug|x64 = Debug|x64
		Debug|x86 = Debug|x86
		Release|Any CPU = Release|Any CPU
		Release|ARM = Release|ARM
		Release|iPhone = Release|iPhone
		Release|iPhoneSimulator = Release|iPhoneSimulator
		Release|x64 = Release|x64
		Release|x86 = Release|x86
	EndGlobalSection
	GlobalSection(ProjectConfigurationPlatforms) = postSolution
		{C4E8416D-374D-46FA-888F-C0A8E3BCB647}.Ad-Hoc|Any CPU.ActiveCfg = Release|Any CPU
		{C4E8416D-374D-46FA-888F-C0A8E3BCB647}.Ad-Hoc|Any CPU.Build.0 = Release|Any CPU
		{C4E8416D-374D-46FA-888F-C0A8E3BCB647}.Ad-Hoc|Any CPU.Deploy.0 = Release|Any CPU
		{C4E8416D-374D-46FA-888F-C0A8E3BCB647}.Ad-Hoc|ARM.ActiveCfg = Release|Any CPU
		{C4E8416D-374D-46FA-888F-C0A8E3BCB647}.Ad-Hoc|ARM.Build.0 = Release|Any CPU
		{C4E8416D-374D-46FA-888F-C0A8E3BCB647}.Ad-Hoc|ARM.Deploy.0 = Release|Any CPU
		{C4E8416D-374D-46FA-888F-C0A8E3BCB647}.Ad-Hoc|iPhone.ActiveCfg = Release|Any CPU
		{C4E8416D-374D-46FA-888F-C0A8E3BCB647}.Ad-Hoc|iPhone.Build.0 = Release|Any CPU
		{C4E8416D-374D-46FA-888F-C0A8E3BCB647}.Ad-Hoc|iPhone.Deploy.0 = Release|Any CPU
		{C4E8416D-374D-46FA-888F-C0A8E3BCB647}.Ad-Hoc|iPhoneSimulator.ActiveCfg = Release|Any CPU
		{C4E8416D-374D-46FA-888F-C0A8E3BCB647}.Ad-Hoc|iPhoneSimulator.Build.0 = Release|Any CPU
		{C4E8416D-374D-46FA-888F-C0A8E3BCB647}.Ad-Hoc|iPhoneSimulator.Deploy.0 = Release|Any CPU
		{C4E8416D-374D-46FA-888F-C0A8E3BCB647}.Ad-Hoc|x64.ActiveCfg = Release|Any CPU
		{C4E8416D-374D-46FA-888F-C0A8E3BCB647}.Ad-Hoc|x64.Build.0 = Release|Any CPU
		{C4E8416D-374D-46FA-888F-C0A8E3BCB647}.Ad-Hoc|x64.Deploy.0 = Release|Any CPU
		{C4E8416D-374D-46FA-888F-C0A8E3BCB647}.Ad-Hoc|x86.ActiveCfg = Release|Any CPU
		{C4E8416D-374D-46FA-888F-C0A8E3BCB647}.Ad-Hoc|x86.Build.0 = Release|Any CPU
		{C4E8416D-374D-46FA-888F-C0A8E3BCB647}.Ad-Hoc|x86.Deploy.0 = Release|Any CPU
		{C4E8416D-374D-46FA-888F-C0A8E3BCB647}.AppStore|Any CPU.ActiveCfg = Release|Any CPU
		{C4E8416D-374D-46FA-888F-C0A8E3BCB647}.AppStore|Any CPU.Build.0 = Release|Any CPU
		{C4E8416D-374D-46FA-888F-C0A8E3BCB647}.AppStore|Any CPU.Deploy.0 = Release|Any CPU
		{C4E8416D-374D-46FA-888F-C0A8E3BCB647}.AppStore|ARM.ActiveCfg = Release|Any CPU
		{C4E8416D-374D-46FA-888F-C0A8E3BCB647}.AppStore|ARM.Build.0 = Release|Any CPU
		{C4E8416D-374D-46FA-888F-C0A8E3BCB647}.AppStore|ARM.Deploy.0 = Release|Any CPU
		{C4E8416D-374D-46FA-888F-C0A8E3BCB647}.AppStore|iPhone.ActiveCfg = Release|Any CPU
		{C4E8416D-374D-46FA-888F-C0A8E3BCB647}.AppStore|iPhone.Build.0 = Release|Any CPU
		{C4E8416D-374D-46FA-888F-C0A8E3BCB647}.AppStore|iPhone.Deploy.0 = Release|Any CPU
		{C4E8416D-374D-46FA-888F-C0A8E3BCB647}.AppStore|iPhoneSimulator.ActiveCfg = Release|Any CPU
		{C4E8416D-374D-46FA-888F-C0A8E3BCB647}.AppStore|iPhoneSimulator.Build.0 = Release|Any CPU
		{C4E8416D-374D-46FA-888F-C0A8E3BCB647}.AppStore|iPhoneSimulator.Deploy.0 = Release|Any CPU
		{C4E8416D-374D-46FA-888F-C0A8E3BCB647}.AppStore|x64.ActiveCfg = Release|Any CPU
		{C4E8416D-374D-46FA-888F-C0A8E3BCB647}.AppStore|x64.Build.0 = Release|Any CPU
		{C4E8416D-374D-46FA-888F-C0A8E3BCB647}.AppStore|x64.Deploy.0 = Release|Any CPU
		{C4E8416D-374D-46FA-888F-C0A8E3BCB647}.AppStore|x86.ActiveCfg = Release|Any CPU
		{C4E8416D-374D-46FA-888F-C0A8E3BCB647}.AppStore|x86.Build.0 = Release|Any CPU
		{C4E8416D-374D-46FA-888F-C0A8E3BCB647}.AppStore|x86.Deploy.0 = Release|Any CPU
		{C4E8416D-374D-46FA-888F-C0A8E3BCB647}.Debug|Any CPU.ActiveCfg = Debug|Any CPU
		{C4E8416D-374D-46FA-888F-C0A8E3BCB647}.Debug|Any CPU.Build.0 = Debug|Any CPU
		{C4E8416D-374D-46FA-888F-C0A8E3BCB647}.Debug|Any CPU.Deploy.0 = Debug|Any CPU
		{C4E8416D-374D-46FA-888F-C0A8E3BCB647}.Debug|ARM.ActiveCfg = Debug|Any CPU
		{C4E8416D-374D-46FA-888F-C0A8E3BCB647}.Debug|ARM.Build.0 = Debug|Any CPU
		{C4E8416D-374D-46FA-888F-C0A8E3BCB647}.Debug|ARM.Deploy.0 = Debug|Any CPU
		{C4E8416D-374D-46FA-888F-C0A8E3BCB647}.Debug|iPhone.ActiveCfg = Debug|Any CPU
		{C4E8416D-374D-46FA-888F-C0A8E3BCB647}.Debug|iPhone.Build.0 = Debug|Any CPU
		{C4E8416D-374D-46FA-888F-C0A8E3BCB647}.Debug|iPhone.Deploy.0 = Debug|Any CPU
		{C4E8416D-374D-46FA-888F-C0A8E3BCB647}.Debug|iPhoneSimulator.ActiveCfg = Debug|Any CPU
		{C4E8416D-374D-46FA-888F-C0A8E3BCB647}.Debug|iPhoneSimulator.Build.0 = Debug|Any CPU
		{C4E8416D-374D-46FA-888F-C0A8E3BCB647}.Debug|iPhoneSimulator.Deploy.0 = Debug|Any CPU
		{C4E8416D-374D-46FA-888F-C0A8E3BCB647}.Debug|x64.ActiveCfg = Debug|Any CPU
		{C4E8416D-374D-46FA-888F-C0A8E3BCB647}.Debug|x64.Build.0 = Debug|Any CPU
		{C4E8416D-374D-46FA-888F-C0A8E3BCB647}.Debug|x64.Deploy.0 = Debug|Any CPU
		{C4E8416D-374D-46FA-888F-C0A8E3BCB647}.Debug|x86.ActiveCfg = Debug|Any CPU
		{C4E8416D-374D-46FA-888F-C0A8E3BCB647}.Debug|x86.Build.0 = Debug|Any CPU
		{C4E8416D-374D-46FA-888F-C0A8E3BCB647}.Debug|x86.Deploy.0 = Debug|Any CPU
		{C4E8416D-374D-46FA-888F-C0A8E3BCB647}.Release|Any CPU.ActiveCfg = Release|Any CPU
		{C4E8416D-374D-46FA-888F-C0A8E3BCB647}.Release|Any CPU.Build.0 = Release|Any CPU
		{C4E8416D-374D-46FA-888F-C0A8E3BCB647}.Release|Any CPU.Deploy.0 = Release|Any CPU
		{C4E8416D-374D-46FA-888F-C0A8E3BCB647}.Release|ARM.ActiveCfg = Release|Any CPU
		{C4E8416D-374D-46FA-888F-C0A8E3BCB647}.Release|ARM.Build.0 = Release|Any CPU
		{C4E8416D-374D-46FA-888F-C0A8E3BCB647}.Release|ARM.Deploy.0 = Release|Any CPU
		{C4E8416D-374D-46FA-888F-C0A8E3BCB647}.Release|iPhone.ActiveCfg = Release|Any CPU
		{C4E8416D-374D-46FA-888F-C0A8E3BCB647}.Release|iPhone.Build.0 = Release|Any CPU
		{C4E8416D-374D-46FA-888F-C0A8E3BCB647}.Release|iPhone.Deploy.0 = Release|Any CPU
		{C4E8416D-374D-46FA-888F-C0A8E3BCB647}.Release|iPhoneSimulator.ActiveCfg = Release|Any CPU
		{C4E8416D-374D-46FA-888F-C0A8E3BCB647}.Release|iPhoneSimulator.Build.0 = Release|Any CPU
		{C4E8416D-374D-46FA-888F-C0A8E3BCB647}.Release|iPhoneSimulator.Deploy.0 = Release|Any CPU
		{C4E8416D-374D-46FA-888F-C0A8E3BCB647}.Release|x64.ActiveCfg = Release|Any CPU
		{C4E8416D-374D-46FA-888F-C0A8E3BCB647}.Release|x64.Build.0 = Release|Any CPU
		{C4E8416D-374D-46FA-888F-C0A8E3BCB647}.Release|x64.Deploy.0 = Release|Any CPU
		{C4E8416D-374D-46FA-888F-C0A8E3BCB647}.Release|x86.ActiveCfg = Release|Any CPU
		{C4E8416D-374D-46FA-888F-C0A8E3BCB647}.Release|x86.Build.0 = Release|Any CPU
		{C4E8416D-374D-46FA-888F-C0A8E3BCB647}.Release|x86.Deploy.0 = Release|Any CPU
		{964B3FDA-3FD2-432D-91D9-42908A14F1BD}.Ad-Hoc|Any CPU.ActiveCfg = Ad-Hoc|iPhone
		{964B3FDA-3FD2-432D-91D9-42908A14F1BD}.Ad-Hoc|ARM.ActiveCfg = Ad-Hoc|iPhone
		{964B3FDA-3FD2-432D-91D9-42908A14F1BD}.Ad-Hoc|iPhone.ActiveCfg = Ad-Hoc|iPhone
		{964B3FDA-3FD2-432D-91D9-42908A14F1BD}.Ad-Hoc|iPhone.Build.0 = Ad-Hoc|iPhone
		{964B3FDA-3FD2-432D-91D9-42908A14F1BD}.Ad-Hoc|iPhoneSimulator.ActiveCfg = Ad-Hoc|iPhoneSimulator
		{964B3FDA-3FD2-432D-91D9-42908A14F1BD}.Ad-Hoc|iPhoneSimulator.Build.0 = Ad-Hoc|iPhoneSimulator
		{964B3FDA-3FD2-432D-91D9-42908A14F1BD}.Ad-Hoc|x64.ActiveCfg = Ad-Hoc|iPhone
		{964B3FDA-3FD2-432D-91D9-42908A14F1BD}.Ad-Hoc|x86.ActiveCfg = Ad-Hoc|iPhone
		{964B3FDA-3FD2-432D-91D9-42908A14F1BD}.AppStore|Any CPU.ActiveCfg = AppStore|iPhone
		{964B3FDA-3FD2-432D-91D9-42908A14F1BD}.AppStore|ARM.ActiveCfg = AppStore|iPhone
		{964B3FDA-3FD2-432D-91D9-42908A14F1BD}.AppStore|iPhone.ActiveCfg = AppStore|iPhone
		{964B3FDA-3FD2-432D-91D9-42908A14F1BD}.AppStore|iPhone.Build.0 = AppStore|iPhone
		{964B3FDA-3FD2-432D-91D9-42908A14F1BD}.AppStore|iPhoneSimulator.ActiveCfg = AppStore|iPhoneSimulator
		{964B3FDA-3FD2-432D-91D9-42908A14F1BD}.AppStore|iPhoneSimulator.Build.0 = AppStore|iPhoneSimulator
		{964B3FDA-3FD2-432D-91D9-42908A14F1BD}.AppStore|x64.ActiveCfg = AppStore|iPhone
		{964B3FDA-3FD2-432D-91D9-42908A14F1BD}.AppStore|x86.ActiveCfg = AppStore|iPhone
		{964B3FDA-3FD2-432D-91D9-42908A14F1BD}.Debug|Any CPU.ActiveCfg = Debug|iPhone
		{964B3FDA-3FD2-432D-91D9-42908A14F1BD}.Debug|ARM.ActiveCfg = Debug|iPhone
		{964B3FDA-3FD2-432D-91D9-42908A14F1BD}.Debug|iPhone.ActiveCfg = Debug|iPhone
		{964B3FDA-3FD2-432D-91D9-42908A14F1BD}.Debug|iPhone.Build.0 = Debug|iPhone
		{964B3FDA-3FD2-432D-91D9-42908A14F1BD}.Debug|iPhoneSimulator.ActiveCfg = Debug|iPhoneSimulator
		{964B3FDA-3FD2-432D-91D9-42908A14F1BD}.Debug|iPhoneSimulator.Build.0 = Debug|iPhoneSimulator
		{964B3FDA-3FD2-432D-91D9-42908A14F1BD}.Debug|x64.ActiveCfg = Debug|iPhone
		{964B3FDA-3FD2-432D-91D9-42908A14F1BD}.Debug|x86.ActiveCfg = Debug|iPhone
		{964B3FDA-3FD2-432D-91D9-42908A14F1BD}.Release|Any CPU.ActiveCfg = Release|iPhone
		{964B3FDA-3FD2-432D-91D9-42908A14F1BD}.Release|ARM.ActiveCfg = Release|iPhone
		{964B3FDA-3FD2-432D-91D9-42908A14F1BD}.Release|iPhone.ActiveCfg = Release|iPhone
		{964B3FDA-3FD2-432D-91D9-42908A14F1BD}.Release|iPhone.Build.0 = Release|iPhone
		{964B3FDA-3FD2-432D-91D9-42908A14F1BD}.Release|iPhoneSimulator.ActiveCfg = Release|iPhoneSimulator
		{964B3FDA-3FD2-432D-91D9-42908A14F1BD}.Release|iPhoneSimulator.Build.0 = Release|iPhoneSimulator
		{964B3FDA-3FD2-432D-91D9-42908A14F1BD}.Release|x64.ActiveCfg = Release|iPhone
		{964B3FDA-3FD2-432D-91D9-42908A14F1BD}.Release|x86.ActiveCfg = Release|iPhone
		{A54C0173-4767-46DD-BDD1-6FC72A0AD5EC}.Ad-Hoc|Any CPU.ActiveCfg = Release|x86
		{A54C0173-4767-46DD-BDD1-6FC72A0AD5EC}.Ad-Hoc|Any CPU.Build.0 = Release|x86
		{A54C0173-4767-46DD-BDD1-6FC72A0AD5EC}.Ad-Hoc|Any CPU.Deploy.0 = Release|x86
		{A54C0173-4767-46DD-BDD1-6FC72A0AD5EC}.Ad-Hoc|ARM.ActiveCfg = Release|ARM
		{A54C0173-4767-46DD-BDD1-6FC72A0AD5EC}.Ad-Hoc|ARM.Build.0 = Release|ARM
		{A54C0173-4767-46DD-BDD1-6FC72A0AD5EC}.Ad-Hoc|ARM.Deploy.0 = Release|ARM
		{A54C0173-4767-46DD-BDD1-6FC72A0AD5EC}.Ad-Hoc|iPhone.ActiveCfg = Release|x86
		{A54C0173-4767-46DD-BDD1-6FC72A0AD5EC}.Ad-Hoc|iPhone.Build.0 = Release|x86
		{A54C0173-4767-46DD-BDD1-6FC72A0AD5EC}.Ad-Hoc|iPhone.Deploy.0 = Release|x86
		{A54C0173-4767-46DD-BDD1-6FC72A0AD5EC}.Ad-Hoc|iPhoneSimulator.ActiveCfg = Release|x86
		{A54C0173-4767-46DD-BDD1-6FC72A0AD5EC}.Ad-Hoc|iPhoneSimulator.Build.0 = Release|x86
		{A54C0173-4767-46DD-BDD1-6FC72A0AD5EC}.Ad-Hoc|iPhoneSimulator.Deploy.0 = Release|x86
		{A54C0173-4767-46DD-BDD1-6FC72A0AD5EC}.Ad-Hoc|x64.ActiveCfg = Release|x64
		{A54C0173-4767-46DD-BDD1-6FC72A0AD5EC}.Ad-Hoc|x64.Build.0 = Release|x64
		{A54C0173-4767-46DD-BDD1-6FC72A0AD5EC}.Ad-Hoc|x64.Deploy.0 = Release|x64
		{A54C0173-4767-46DD-BDD1-6FC72A0AD5EC}.Ad-Hoc|x86.ActiveCfg = Release|x86
		{A54C0173-4767-46DD-BDD1-6FC72A0AD5EC}.Ad-Hoc|x86.Build.0 = Release|x86
		{A54C0173-4767-46DD-BDD1-6FC72A0AD5EC}.Ad-Hoc|x86.Deploy.0 = Release|x86
		{A54C0173-4767-46DD-BDD1-6FC72A0AD5EC}.AppStore|Any CPU.ActiveCfg = Release|x86
		{A54C0173-4767-46DD-BDD1-6FC72A0AD5EC}.AppStore|Any CPU.Build.0 = Release|x86
		{A54C0173-4767-46DD-BDD1-6FC72A0AD5EC}.AppStore|Any CPU.Deploy.0 = Release|x86
		{A54C0173-4767-46DD-BDD1-6FC72A0AD5EC}.AppStore|ARM.ActiveCfg = Release|ARM
		{A54C0173-4767-46DD-BDD1-6FC72A0AD5EC}.AppStore|ARM.Build.0 = Release|ARM
		{A54C0173-4767-46DD-BDD1-6FC72A0AD5EC}.AppStore|ARM.Deploy.0 = Release|ARM
		{A54C0173-4767-46DD-BDD1-6FC72A0AD5EC}.AppStore|iPhone.ActiveCfg = Release|x86
		{A54C0173-4767-46DD-BDD1-6FC72A0AD5EC}.AppStore|iPhone.Build.0 = Release|x86
		{A54C0173-4767-46DD-BDD1-6FC72A0AD5EC}.AppStore|iPhone.Deploy.0 = Release|x86
		{A54C0173-4767-46DD-BDD1-6FC72A0AD5EC}.AppStore|iPhoneSimulator.ActiveCfg = Release|x86
		{A54C0173-4767-46DD-BDD1-6FC72A0AD5EC}.AppStore|iPhoneSimulator.Build.0 = Release|x86
		{A54C0173-4767-46DD-BDD1-6FC72A0AD5EC}.AppStore|iPhoneSimulator.Deploy.0 = Release|x86
		{A54C0173-4767-46DD-BDD1-6FC72A0AD5EC}.AppStore|x64.ActiveCfg = Release|x64
		{A54C0173-4767-46DD-BDD1-6FC72A0AD5EC}.AppStore|x64.Build.0 = Release|x64
		{A54C0173-4767-46DD-BDD1-6FC72A0AD5EC}.AppStore|x64.Deploy.0 = Release|x64
		{A54C0173-4767-46DD-BDD1-6FC72A0AD5EC}.AppStore|x86.ActiveCfg = Release|x86
		{A54C0173-4767-46DD-BDD1-6FC72A0AD5EC}.AppStore|x86.Build.0 = Release|x86
		{A54C0173-4767-46DD-BDD1-6FC72A0AD5EC}.AppStore|x86.Deploy.0 = Release|x86
		{A54C0173-4767-46DD-BDD1-6FC72A0AD5EC}.Debug|Any CPU.ActiveCfg = Debug|x86
		{A54C0173-4767-46DD-BDD1-6FC72A0AD5EC}.Debug|ARM.ActiveCfg = Debug|ARM
		{A54C0173-4767-46DD-BDD1-6FC72A0AD5EC}.Debug|ARM.Build.0 = Debug|ARM
		{A54C0173-4767-46DD-BDD1-6FC72A0AD5EC}.Debug|ARM.Deploy.0 = Debug|ARM
		{A54C0173-4767-46DD-BDD1-6FC72A0AD5EC}.Debug|iPhone.ActiveCfg = Debug|x86
		{A54C0173-4767-46DD-BDD1-6FC72A0AD5EC}.Debug|iPhoneSimulator.ActiveCfg = Debug|x86
		{A54C0173-4767-46DD-BDD1-6FC72A0AD5EC}.Debug|x64.ActiveCfg = Debug|x64
		{A54C0173-4767-46DD-BDD1-6FC72A0AD5EC}.Debug|x64.Build.0 = Debug|x64
		{A54C0173-4767-46DD-BDD1-6FC72A0AD5EC}.Debug|x64.Deploy.0 = Debug|x64
		{A54C0173-4767-46DD-BDD1-6FC72A0AD5EC}.Debug|x86.ActiveCfg = Debug|x86
		{A54C0173-4767-46DD-BDD1-6FC72A0AD5EC}.Debug|x86.Build.0 = Debug|x86
		{A54C0173-4767-46DD-BDD1-6FC72A0AD5EC}.Debug|x86.Deploy.0 = Debug|x86
		{A54C0173-4767-46DD-BDD1-6FC72A0AD5EC}.Release|Any CPU.ActiveCfg = Release|x86
		{A54C0173-4767-46DD-BDD1-6FC72A0AD5EC}.Release|ARM.ActiveCfg = Release|ARM
		{A54C0173-4767-46DD-BDD1-6FC72A0AD5EC}.Release|ARM.Build.0 = Release|ARM
		{A54C0173-4767-46DD-BDD1-6FC72A0AD5EC}.Release|ARM.Deploy.0 = Release|ARM
		{A54C0173-4767-46DD-BDD1-6FC72A0AD5EC}.Release|iPhone.ActiveCfg = Release|x86
		{A54C0173-4767-46DD-BDD1-6FC72A0AD5EC}.Release|iPhoneSimulator.ActiveCfg = Release|x86
		{A54C0173-4767-46DD-BDD1-6FC72A0AD5EC}.Release|x64.ActiveCfg = Release|x64
		{A54C0173-4767-46DD-BDD1-6FC72A0AD5EC}.Release|x64.Build.0 = Release|x64
		{A54C0173-4767-46DD-BDD1-6FC72A0AD5EC}.Release|x64.Deploy.0 = Release|x64
		{A54C0173-4767-46DD-BDD1-6FC72A0AD5EC}.Release|x86.ActiveCfg = Release|x86
		{A54C0173-4767-46DD-BDD1-6FC72A0AD5EC}.Release|x86.Build.0 = Release|x86
		{A54C0173-4767-46DD-BDD1-6FC72A0AD5EC}.Release|x86.Deploy.0 = Release|x86
		{C8254216-400A-40EB-B8D7-22611C0ADD4B}.Ad-Hoc|Any CPU.ActiveCfg = Debug|Any CPU
		{C8254216-400A-40EB-B8D7-22611C0ADD4B}.Ad-Hoc|Any CPU.Build.0 = Debug|Any CPU
		{C8254216-400A-40EB-B8D7-22611C0ADD4B}.Ad-Hoc|ARM.ActiveCfg = Debug|Any CPU
		{C8254216-400A-40EB-B8D7-22611C0ADD4B}.Ad-Hoc|ARM.Build.0 = Debug|Any CPU
		{C8254216-400A-40EB-B8D7-22611C0ADD4B}.Ad-Hoc|iPhone.ActiveCfg = Debug|Any CPU
		{C8254216-400A-40EB-B8D7-22611C0ADD4B}.Ad-Hoc|iPhone.Build.0 = Debug|Any CPU
		{C8254216-400A-40EB-B8D7-22611C0ADD4B}.Ad-Hoc|iPhoneSimulator.ActiveCfg = Debug|Any CPU
		{C8254216-400A-40EB-B8D7-22611C0ADD4B}.Ad-Hoc|iPhoneSimulator.Build.0 = Debug|Any CPU
		{C8254216-400A-40EB-B8D7-22611C0ADD4B}.Ad-Hoc|x64.ActiveCfg = Debug|Any CPU
		{C8254216-400A-40EB-B8D7-22611C0ADD4B}.Ad-Hoc|x64.Build.0 = Debug|Any CPU
		{C8254216-400A-40EB-B8D7-22611C0ADD4B}.Ad-Hoc|x86.ActiveCfg = Debug|Any CPU
		{C8254216-400A-40EB-B8D7-22611C0ADD4B}.Ad-Hoc|x86.Build.0 = Debug|Any CPU
		{C8254216-400A-40EB-B8D7-22611C0ADD4B}.AppStore|Any CPU.ActiveCfg = Debug|Any CPU
		{C8254216-400A-40EB-B8D7-22611C0ADD4B}.AppStore|Any CPU.Build.0 = Debug|Any CPU
		{C8254216-400A-40EB-B8D7-22611C0ADD4B}.AppStore|ARM.ActiveCfg = Debug|Any CPU
		{C8254216-400A-40EB-B8D7-22611C0ADD4B}.AppStore|ARM.Build.0 = Debug|Any CPU
		{C8254216-400A-40EB-B8D7-22611C0ADD4B}.AppStore|iPhone.ActiveCfg = Debug|Any CPU
		{C8254216-400A-40EB-B8D7-22611C0ADD4B}.AppStore|iPhone.Build.0 = Debug|Any CPU
		{C8254216-400A-40EB-B8D7-22611C0ADD4B}.AppStore|iPhoneSimulator.ActiveCfg = Debug|Any CPU
		{C8254216-400A-40EB-B8D7-22611C0ADD4B}.AppStore|iPhoneSimulator.Build.0 = Debug|Any CPU
		{C8254216-400A-40EB-B8D7-22611C0ADD4B}.AppStore|x64.ActiveCfg = Debug|Any CPU
		{C8254216-400A-40EB-B8D7-22611C0ADD4B}.AppStore|x64.Build.0 = Debug|Any CPU
		{C8254216-400A-40EB-B8D7-22611C0ADD4B}.AppStore|x86.ActiveCfg = Debug|Any CPU
		{C8254216-400A-40EB-B8D7-22611C0ADD4B}.AppStore|x86.Build.0 = Debug|Any CPU
		{C8254216-400A-40EB-B8D7-22611C0ADD4B}.Debug|Any CPU.ActiveCfg = Debug|Any CPU
		{C8254216-400A-40EB-B8D7-22611C0ADD4B}.Debug|Any CPU.Build.0 = Debug|Any CPU
		{C8254216-400A-40EB-B8D7-22611C0ADD4B}.Debug|ARM.ActiveCfg = Debug|Any CPU
		{C8254216-400A-40EB-B8D7-22611C0ADD4B}.Debug|ARM.Build.0 = Debug|Any CPU
		{C8254216-400A-40EB-B8D7-22611C0ADD4B}.Debug|iPhone.ActiveCfg = Debug|Any CPU
		{C8254216-400A-40EB-B8D7-22611C0ADD4B}.Debug|iPhone.Build.0 = Debug|Any CPU
		{C8254216-400A-40EB-B8D7-22611C0ADD4B}.Debug|iPhoneSimulator.ActiveCfg = Debug|Any CPU
		{C8254216-400A-40EB-B8D7-22611C0ADD4B}.Debug|iPhoneSimulator.Build.0 = Debug|Any CPU
		{C8254216-400A-40EB-B8D7-22611C0ADD4B}.Debug|x64.ActiveCfg = Debug|Any CPU
		{C8254216-400A-40EB-B8D7-22611C0ADD4B}.Debug|x64.Build.0 = Debug|Any CPU
		{C8254216-400A-40EB-B8D7-22611C0ADD4B}.Debug|x86.ActiveCfg = Debug|Any CPU
		{C8254216-400A-40EB-B8D7-22611C0ADD4B}.Debug|x86.Build.0 = Debug|Any CPU
		{C8254216-400A-40EB-B8D7-22611C0ADD4B}.Release|Any CPU.ActiveCfg = Release|Any CPU
		{C8254216-400A-40EB-B8D7-22611C0ADD4B}.Release|Any CPU.Build.0 = Release|Any CPU
		{C8254216-400A-40EB-B8D7-22611C0ADD4B}.Release|ARM.ActiveCfg = Release|Any CPU
		{C8254216-400A-40EB-B8D7-22611C0ADD4B}.Release|ARM.Build.0 = Release|Any CPU
		{C8254216-400A-40EB-B8D7-22611C0ADD4B}.Release|iPhone.ActiveCfg = Release|Any CPU
		{C8254216-400A-40EB-B8D7-22611C0ADD4B}.Release|iPhone.Build.0 = Release|Any CPU
		{C8254216-400A-40EB-B8D7-22611C0ADD4B}.Release|iPhoneSimulator.ActiveCfg = Release|Any CPU
		{C8254216-400A-40EB-B8D7-22611C0ADD4B}.Release|iPhoneSimulator.Build.0 = Release|Any CPU
		{C8254216-400A-40EB-B8D7-22611C0ADD4B}.Release|x64.ActiveCfg = Release|Any CPU
		{C8254216-400A-40EB-B8D7-22611C0ADD4B}.Release|x64.Build.0 = Release|Any CPU
		{C8254216-400A-40EB-B8D7-22611C0ADD4B}.Release|x86.ActiveCfg = Release|Any CPU
		{C8254216-400A-40EB-B8D7-22611C0ADD4B}.Release|x86.Build.0 = Release|Any CPU
	EndGlobalSection
	GlobalSection(SolutionProperties) = preSolution
		HideSolutionNode = FALSE
	EndGlobalSection
	GlobalSection(ExtensibilityGlobals) = postSolution
		SolutionGuid = {DC9534A1-9BA4-45F1-AAF9-5AE0E8A583B5}
	EndGlobalSection
EndGlobal
